
Microsoft Visual Studio Solution File, Format Version 12.00
# Visual Studio 14
VisualStudioVersion = 14.0.25420.1
MinimumVisualStudioVersion = 10.0.40219.1
Project("{FAE04EC0-301F-11D3-BF4B-00C04F79EFBC}") = "App6", "App6\App6\App6.csproj", "{57B618D1-011E-4A1E-80F1-2ACF8E158DFF}"
EndProject
Project("{FAE04EC0-301F-11D3-BF4B-00C04F79EFBC}") = "App6.Android", "App6\App6.Android\App6.Android.csproj", "{B97B4BD1-98CB-401A-98F2-57182ECEE6DB}"
EndProject
Project("{FAE04EC0-301F-11D3-BF4B-00C04F79EFBC}") = "App6.iOS", "App6\App6.iOS\App6.iOS.csproj", "{A9170C48-FF1C-400F-AB2D-D6CFF1812BF0}"
EndProject
Project("{FAE04EC0-301F-11D3-BF4B-00C04F79EFBC}") = "App6.UWP", "App6\App6.UWP\App6.UWP.csproj", "{02A9306B-C144-4FA3-B884-67FCC6CF6765}"
EndProject
Global
	GlobalSection(SolutionConfigurationPlatforms) = preSolution
		Debug|Any CPU = Debug|Any CPU
		Debug|ARM = Debug|ARM
		Debug|iPhone = Debug|iPhone
		Debug|iPhoneSimulator = Debug|iPhoneSimulator
		Debug|x64 = Debug|x64
		Debug|x86 = Debug|x86
		Release|Any CPU = Release|Any CPU
		Release|ARM = Release|ARM
		Release|iPhone = Release|iPhone
		Release|iPhoneSimulator = Release|iPhoneSimulator
		Release|x64 = Release|x64
		Release|x86 = Release|x86
	EndGlobalSection
	GlobalSection(ProjectConfigurationPlatforms) = postSolution
		{57B618D1-011E-4A1E-80F1-2ACF8E158DFF}.Debug|Any CPU.ActiveCfg = Debug|Any CPU
		{57B618D1-011E-4A1E-80F1-2ACF8E158DFF}.Debug|Any CPU.Build.0 = Debug|Any CPU
		{57B618D1-011E-4A1E-80F1-2ACF8E158DFF}.Debug|Any CPU.Deploy.0 = Debug|Any CPU
		{57B618D1-011E-4A1E-80F1-2ACF8E158DFF}.Debug|ARM.ActiveCfg = Debug|Any CPU
		{57B618D1-011E-4A1E-80F1-2ACF8E158DFF}.Debug|ARM.Build.0 = Debug|Any CPU
		{57B618D1-011E-4A1E-80F1-2ACF8E158DFF}.Debug|ARM.Deploy.0 = Debug|Any CPU
		{57B618D1-011E-4A1E-80F1-2ACF8E158DFF}.Debug|iPhone.ActiveCfg = Debug|Any CPU
		{57B618D1-011E-4A1E-80F1-2ACF8E158DFF}.Debug|iPhone.Build.0 = Debug|Any CPU
		{57B618D1-011E-4A1E-80F1-2ACF8E158DFF}.Debug|iPhone.Deploy.0 = Debug|Any CPU
		{57B618D1-011E-4A1E-80F1-2ACF8E158DFF}.Debug|iPhoneSimulator.ActiveCfg = Debug|Any CPU
		{57B618D1-011E-4A1E-80F1-2ACF8E158DFF}.Debug|iPhoneSimulator.Build.0 = Debug|Any CPU
		{57B618D1-011E-4A1E-80F1-2ACF8E158DFF}.Debug|iPhoneSimulator.Deploy.0 = Debug|Any CPU
		{57B618D1-011E-4A1E-80F1-2ACF8E158DFF}.Debug|x64.ActiveCfg = Debug|Any CPU
		{57B618D1-011E-4A1E-80F1-2ACF8E158DFF}.Debug|x64.Build.0 = Debug|Any CPU
		{57B618D1-011E-4A1E-80F1-2ACF8E158DFF}.Debug|x64.Deploy.0 = Debug|Any CPU
		{57B618D1-011E-4A1E-80F1-2ACF8E158DFF}.Debug|x86.ActiveCfg = Debug|Any CPU
		{57B618D1-011E-4A1E-80F1-2ACF8E158DFF}.Debug|x86.Build.0 = Debug|Any CPU
		{57B618D1-011E-4A1E-80F1-2ACF8E158DFF}.Debug|x86.Deploy.0 = Debug|Any CPU
		{57B618D1-011E-4A1E-80F1-2ACF8E158DFF}.Release|Any CPU.ActiveCfg = Release|Any CPU
		{57B618D1-011E-4A1E-80F1-2ACF8E158DFF}.Release|Any CPU.Build.0 = Release|Any CPU
		{57B618D1-011E-4A1E-80F1-2ACF8E158DFF}.Release|Any CPU.Deploy.0 = Release|Any CPU
		{57B618D1-011E-4A1E-80F1-2ACF8E158DFF}.Release|ARM.ActiveCfg = Release|Any CPU
		{57B618D1-011E-4A1E-80F1-2ACF8E158DFF}.Release|ARM.Build.0 = Release|Any CPU
		{57B618D1-011E-4A1E-80F1-2ACF8E158DFF}.Release|ARM.Deploy.0 = Release|Any CPU
		{57B618D1-011E-4A1E-80F1-2ACF8E158DFF}.Release|iPhone.ActiveCfg = Release|Any CPU
		{57B618D1-011E-4A1E-80F1-2ACF8E158DFF}.Release|iPhone.Build.0 = Release|Any CPU
		{57B618D1-011E-4A1E-80F1-2ACF8E158DFF}.Release|iPhone.Deploy.0 = Release|Any CPU
		{57B618D1-011E-4A1E-80F1-2ACF8E158DFF}.Release|iPhoneSimulator.ActiveCfg = Release|Any CPU
		{57B618D1-011E-4A1E-80F1-2ACF8E158DFF}.Release|iPhoneSimulator.Build.0 = Release|Any CPU
		{57B618D1-011E-4A1E-80F1-2ACF8E158DFF}.Release|iPhoneSimulator.Deploy.0 = Release|Any CPU
		{57B618D1-011E-4A1E-80F1-2ACF8E158DFF}.Release|x64.ActiveCfg = Release|Any CPU
		{57B618D1-011E-4A1E-80F1-2ACF8E158DFF}.Release|x64.Build.0 = Release|Any CPU
		{57B618D1-011E-4A1E-80F1-2ACF8E158DFF}.Release|x64.Deploy.0 = Release|Any CPU
		{57B618D1-011E-4A1E-80F1-2ACF8E158DFF}.Release|x86.ActiveCfg = Release|Any CPU
		{57B618D1-011E-4A1E-80F1-2ACF8E158DFF}.Release|x86.Build.0 = Release|Any CPU
		{57B618D1-011E-4A1E-80F1-2ACF8E158DFF}.Release|x86.Deploy.0 = Release|Any CPU
		{B97B4BD1-98CB-401A-98F2-57182ECEE6DB}.Debug|Any CPU.ActiveCfg = Debug|Any CPU
		{B97B4BD1-98CB-401A-98F2-57182ECEE6DB}.Debug|Any CPU.Build.0 = Debug|Any CPU
		{B97B4BD1-98CB-401A-98F2-57182ECEE6DB}.Debug|Any CPU.Deploy.0 = Debug|Any CPU
		{B97B4BD1-98CB-401A-98F2-57182ECEE6DB}.Debug|ARM.ActiveCfg = Debug|Any CPU
		{B97B4BD1-98CB-401A-98F2-57182ECEE6DB}.Debug|ARM.Build.0 = Debug|Any CPU
		{B97B4BD1-98CB-401A-98F2-57182ECEE6DB}.Debug|ARM.Deploy.0 = Debug|Any CPU
		{B97B4BD1-98CB-401A-98F2-57182ECEE6DB}.Debug|iPhone.ActiveCfg = Debug|Any CPU
		{B97B4BD1-98CB-401A-98F2-57182ECEE6DB}.Debug|iPhone.Build.0 = Debug|Any CPU
		{B97B4BD1-98CB-401A-98F2-57182ECEE6DB}.Debug|iPhone.Deploy.0 = Debug|Any CPU
		{B97B4BD1-98CB-401A-98F2-57182ECEE6DB}.Debug|iPhoneSimulator.ActiveCfg = Debug|Any CPU
		{B97B4BD1-98CB-401A-98F2-57182ECEE6DB}.Debug|iPhoneSimulator.Build.0 = Debug|Any CPU
		{B97B4BD1-98CB-401A-98F2-57182ECEE6DB}.Debug|iPhoneSimulator.Deploy.0 = Debug|Any CPU
		{B97B4BD1-98CB-401A-98F2-57182ECEE6DB}.Debug|x64.ActiveCfg = Debug|Any CPU
		{B97B4BD1-98CB-401A-98F2-57182ECEE6DB}.Debug|x64.Build.0 = Debug|Any CPU
		{B97B4BD1-98CB-401A-98F2-57182ECEE6DB}.Debug|x64.Deploy.0 = Debug|Any CPU
		{B97B4BD1-98CB-401A-98F2-57182ECEE6DB}.Debug|x86.ActiveCfg = Debug|Any CPU
		{B97B4BD1-98CB-401A-98F2-57182ECEE6DB}.Debug|x86.Build.0 = Debug|Any CPU
		{B97B4BD1-98CB-401A-98F2-57182ECEE6DB}.Debug|x86.Deploy.0 = Debug|Any CPU
		{B97B4BD1-98CB-401A-98F2-57182ECEE6DB}.Release|Any CPU.ActiveCfg = Release|Any CPU
		{B97B4BD1-98CB-401A-98F2-57182ECEE6DB}.Release|Any CPU.Build.0 = Release|Any CPU
		{B97B4BD1-98CB-401A-98F2-57182ECEE6DB}.Release|Any CPU.Deploy.0 = Release|Any CPU
		{B97B4BD1-98CB-401A-98F2-57182ECEE6DB}.Release|ARM.ActiveCfg = Release|Any CPU
		{B97B4BD1-98CB-401A-98F2-57182ECEE6DB}.Release|ARM.Build.0 = Release|Any CPU
		{B97B4BD1-98CB-401A-98F2-57182ECEE6DB}.Release|ARM.Deploy.0 = Release|Any CPU
		{B97B4BD1-98CB-401A-98F2-57182ECEE6DB}.Release|iPhone.ActiveCfg = Release|Any CPU
		{B97B4BD1-98CB-401A-98F2-57182ECEE6DB}.Release|iPhone.Build.0 = Release|Any CPU
		{B97B4BD1-98CB-401A-98F2-57182ECEE6DB}.Release|iPhone.Deploy.0 = Release|Any CPU
		{B97B4BD1-98CB-401A-98F2-57182ECEE6DB}.Release|iPhoneSimulator.ActiveCfg = Release|Any CPU
		{B97B4BD1-98CB-401A-98F2-57182ECEE6DB}.Release|iPhoneSimulator.Build.0 = Release|Any CPU
		{B97B4BD1-98CB-401A-98F2-57182ECEE6DB}.Release|iPhoneSimulator.Deploy.0 = Release|Any CPU
		{B97B4BD1-98CB-401A-98F2-57182ECEE6DB}.Release|x64.ActiveCfg = Release|Any CPU
		{B97B4BD1-98CB-401A-98F2-57182ECEE6DB}.Release|x64.Build.0 = Release|Any CPU
		{B97B4BD1-98CB-401A-98F2-57182ECEE6DB}.Release|x64.Deploy.0 = Release|Any CPU
		{B97B4BD1-98CB-401A-98F2-57182ECEE6DB}.Release|x86.ActiveCfg = Release|Any CPU
		{B97B4BD1-98CB-401A-98F2-57182ECEE6DB}.Release|x86.Build.0 = Release|Any CPU
		{B97B4BD1-98CB-401A-98F2-57182ECEE6DB}.Release|x86.Deploy.0 = Release|Any CPU
		{A9170C48-FF1C-400F-AB2D-D6CFF1812BF0}.Debug|Any CPU.ActiveCfg = Debug|iPhoneSimulator
		{A9170C48-FF1C-400F-AB2D-D6CFF1812BF0}.Debug|Any CPU.Build.0 = Debug|iPhoneSimulator
		{A9170C48-FF1C-400F-AB2D-D6CFF1812BF0}.Debug|Any CPU.Deploy.0 = Debug|iPhoneSimulator
		{A9170C48-FF1C-400F-AB2D-D6CFF1812BF0}.Debug|ARM.ActiveCfg = Debug|iPhone
		{A9170C48-FF1C-400F-AB2D-D6CFF1812BF0}.Debug|ARM.Build.0 = Debug|iPhone
		{A9170C48-FF1C-400F-AB2D-D6CFF1812BF0}.Debug|ARM.Deploy.0 = Debug|iPhone
		{A9170C48-FF1C-400F-AB2D-D6CFF1812BF0}.Debug|iPhone.ActiveCfg = Debug|iPhone
		{A9170C48-FF1C-400F-AB2D-D6CFF1812BF0}.Debug|iPhone.Build.0 = Debug|iPhone
		{A9170C48-FF1C-400F-AB2D-D6CFF1812BF0}.Debug|iPhone.Deploy.0 = Debug|iPhone
		{A9170C48-FF1C-400F-AB2D-D6CFF1812BF0}.Debug|iPhoneSimulator.ActiveCfg = Debug|iPhoneSimulator
		{A9170C48-FF1C-400F-AB2D-D6CFF1812BF0}.Debug|iPhoneSimulator.Build.0 = Debug|iPhoneSimulator
		{A9170C48-FF1C-400F-AB2D-D6CFF1812BF0}.Debug|iPhoneSimulator.Deploy.0 = Debug|iPhoneSimulator
		{A9170C48-FF1C-400F-AB2D-D6CFF1812BF0}.Debug|x64.ActiveCfg = Debug|iPhone
		{A9170C48-FF1C-400F-AB2D-D6CFF1812BF0}.Debug|x64.Build.0 = Debug|iPhone
		{A9170C48-FF1C-400F-AB2D-D6CFF1812BF0}.Debug|x64.Deploy.0 = Debug|iPhone
		{A9170C48-FF1C-400F-AB2D-D6CFF1812BF0}.Debug|x86.ActiveCfg = Debug|iPhone
		{A9170C48-FF1C-400F-AB2D-D6CFF1812BF0}.Debug|x86.Build.0 = Debug|iPhone
		{A9170C48-FF1C-400F-AB2D-D6CFF1812BF0}.Debug|x86.Deploy.0 = Debug|iPhone
		{A9170C48-FF1C-400F-AB2D-D6CFF1812BF0}.Release|Any CPU.ActiveCfg = Release|iPhone
		{A9170C48-FF1C-400F-AB2D-D6CFF1812BF0}.Release|Any CPU.Build.0 = Release|iPhone
		{A9170C48-FF1C-400F-AB2D-D6CFF1812BF0}.Release|Any CPU.Deploy.0 = Release|iPhone
		{A9170C48-FF1C-400F-AB2D-D6CFF1812BF0}.Release|ARM.ActiveCfg = Release|iPhone
		{A9170C48-FF1C-400F-AB2D-D6CFF1812BF0}.Release|ARM.Build.0 = Release|iPhone
		{A9170C48-FF1C-400F-AB2D-D6CFF1812BF0}.Release|ARM.Deploy.0 = Release|iPhone
		{A9170C48-FF1C-400F-AB2D-D6CFF1812BF0}.Release|iPhone.ActiveCfg = Release|iPhone
		{A9170C48-FF1C-400F-AB2D-D6CFF1812BF0}.Release|iPhone.Build.0 = Release|iPhone
		{A9170C48-FF1C-400F-AB2D-D6CFF1812BF0}.Release|iPhone.Deploy.0 = Release|iPhone
		{A9170C48-FF1C-400F-AB2D-D6CFF1812BF0}.Release|iPhoneSimulator.ActiveCfg = Release|iPhoneSimulator
		{A9170C48-FF1C-400F-AB2D-D6CFF1812BF0}.Release|iPhoneSimulator.Build.0 = Release|iPhoneSimulator
		{A9170C48-FF1C-400F-AB2D-D6CFF1812BF0}.Release|iPhoneSimulator.Deploy.0 = Release|iPhoneSimulator
		{A9170C48-FF1C-400F-AB2D-D6CFF1812BF0}.Release|x64.ActiveCfg = Release|iPhone
		{A9170C48-FF1C-400F-AB2D-D6CFF1812BF0}.Release|x64.Build.0 = Release|iPhone
		{A9170C48-FF1C-400F-AB2D-D6CFF1812BF0}.Release|x64.Deploy.0 = Release|iPhone
		{A9170C48-FF1C-400F-AB2D-D6CFF1812BF0}.Release|x86.ActiveCfg = Release|iPhone
		{A9170C48-FF1C-400F-AB2D-D6CFF1812BF0}.Release|x86.Build.0 = Release|iPhone
		{A9170C48-FF1C-400F-AB2D-D6CFF1812BF0}.Release|x86.Deploy.0 = Release|iPhone
		{02A9306B-C144-4FA3-B884-67FCC6CF6765}.Debug|Any CPU.ActiveCfg = Debug|x86
		{02A9306B-C144-4FA3-B884-67FCC6CF6765}.Debug|Any CPU.Build.0 = Debug|x86
		{02A9306B-C144-4FA3-B884-67FCC6CF6765}.Debug|Any CPU.Deploy.0 = Debug|x86
		{02A9306B-C144-4FA3-B884-67FCC6CF6765}.Debug|ARM.ActiveCfg = Debug|ARM
		{02A9306B-C144-4FA3-B884-67FCC6CF6765}.Debug|ARM.Build.0 = Debug|ARM
		{02A9306B-C144-4FA3-B884-67FCC6CF6765}.Debug|ARM.Deploy.0 = Debug|ARM
		{02A9306B-C144-4FA3-B884-67FCC6CF6765}.Debug|iPhone.ActiveCfg = Debug|x86
		{02A9306B-C144-4FA3-B884-67FCC6CF6765}.Debug|iPhone.Build.0 = Debug|x86
		{02A9306B-C144-4FA3-B884-67FCC6CF6765}.Debug|iPhone.Deploy.0 = Debug|x86
		{02A9306B-C144-4FA3-B884-67FCC6CF6765}.Debug|iPhoneSimulator.ActiveCfg = Debug|x86
		{02A9306B-C144-4FA3-B884-67FCC6CF6765}.Debug|iPhoneSimulator.Build.0 = Debug|x86
		{02A9306B-C144-4FA3-B884-67FCC6CF6765}.Debug|iPhoneSimulator.Deploy.0 = Debug|x86
		{02A9306B-C144-4FA3-B884-67FCC6CF6765}.Debug|x64.ActiveCfg = Debug|x64
		{02A9306B-C144-4FA3-B884-67FCC6CF6765}.Debug|x64.Build.0 = Debug|x64
		{02A9306B-C144-4FA3-B884-67FCC6CF6765}.Debug|x64.Deploy.0 = Debug|x64
		{02A9306B-C144-4FA3-B884-67FCC6CF6765}.Debug|x86.ActiveCfg = Debug|x86
		{02A9306B-C144-4FA3-B884-67FCC6CF6765}.Debug|x86.Build.0 = Debug|x86
		{02A9306B-C144-4FA3-B884-67FCC6CF6765}.Debug|x86.Deploy.0 = Debug|x86
		{02A9306B-C144-4FA3-B884-67FCC6CF6765}.Release|Any CPU.ActiveCfg = Release|x86
		{02A9306B-C144-4FA3-B884-67FCC6CF6765}.Release|Any CPU.Build.0 = Release|x86
		{02A9306B-C144-4FA3-B884-67FCC6CF6765}.Release|Any CPU.Deploy.0 = Release|x86
		{02A9306B-C144-4FA3-B884-67FCC6CF6765}.Release|ARM.ActiveCfg = Release|ARM
		{02A9306B-C144-4FA3-B884-67FCC6CF6765}.Release|ARM.Build.0 = Release|ARM
		{02A9306B-C144-4FA3-B884-67FCC6CF6765}.Release|ARM.Deploy.0 = Release|ARM
		{02A9306B-C144-4FA3-B884-67FCC6CF6765}.Release|iPhone.ActiveCfg = Release|x86
		{02A9306B-C144-4FA3-B884-67FCC6CF6765}.Release|iPhone.Build.0 = Release|x86
		{02A9306B-C144-4FA3-B884-67FCC6CF6765}.Release|iPhone.Deploy.0 = Release|x86
		{02A9306B-C144-4FA3-B884-67FCC6CF6765}.Release|iPhoneSimulator.ActiveCfg = Release|x86
		{02A9306B-C144-4FA3-B884-67FCC6CF6765}.Release|iPhoneSimulator.Build.0 = Release|x86
		{02A9306B-C144-4FA3-B884-67FCC6CF6765}.Release|iPhoneSimulator.Deploy.0 = Release|x86
		{02A9306B-C144-4FA3-B884-67FCC6CF6765}.Release|x64.ActiveCfg = Release|x64
		{02A9306B-C144-4FA3-B884-67FCC6CF6765}.Release|x64.Build.0 = Release|x64
		{02A9306B-C144-4FA3-B884-67FCC6CF6765}.Release|x64.Deploy.0 = Release|x64
		{02A9306B-C144-4FA3-B884-67FCC6CF6765}.Release|x86.ActiveCfg = Release|x86
		{02A9306B-C144-4FA3-B884-67FCC6CF6765}.Release|x86.Build.0 = Release|x86
		{02A9306B-C144-4FA3-B884-67FCC6CF6765}.Release|x86.Deploy.0 = Release|x86
	EndGlobalSection
	GlobalSection(SolutionProperties) = preSolution
		HideSolutionNode = FALSE
	EndGlobalSection
EndGlobal
